// !$*UTF8*$!
{
	archiveVersion = 1;
	classes = {
	};
	objectVersion = 77;
	objects = {

/* Begin PBXBuildFile section */
		6807DF36CB52265F4085C99B /* Assets.xcassets in Resources */ = {isa = PBXBuildFile; fileRef = 9B6BA863F11E53EFC4A70C04 /* Assets.xcassets */; };
		A914E9CE363B93ADC9A437C1 /* Models.swift in Sources */ = {isa = PBXBuildFile; fileRef = 8F5F570D69BEFE1AE23DA21C /* Models.swift */; };
		B0D5C7F20B20708039E95147 /* ContentView.swift in Sources */ = {isa = PBXBuildFile; fileRef = 4A1D8FD1A48B12D99F15A88E /* ContentView.swift */; };
		BB31A9A417E10137982D6149 /* FileScanner.swift in Sources */ = {isa = PBXBuildFile; fileRef = 1477516DD714F7AEAFA13E39 /* FileScanner.swift */; };
		C6FD206DF1D5B01FF2288EC3 /* BlobApp.swift in Sources */ = {isa = PBXBuildFile; fileRef = 9F19EF47B63A551D7307A4A4 /* BlobApp.swift */; };
		CAE07A8F69E4906DD1EEB8DD /* MatrixRain.swift in Sources */ = {isa = PBXBuildFile; fileRef = 3BCDD4E80EC171C2A3BAAEE4 /* MatrixRain.swift */; };
/* End PBXBuildFile section */

/* Begin PBXFileReference section */
		1477516DD714F7AEAFA13E39 /* FileScanner.swift */ = {isa = PBXFileReference; lastKnownFileType = sourcecode.swift; path = FileScanner.swift; sourceTree = "<group>"; };
		3BCDD4E80EC171C2A3BAAEE4 /* MatrixRain.swift */ = {isa = PBXFileReference; lastKnownFileType = sourcecode.swift; path = MatrixRain.swift; sourceTree = "<group>"; };
		4A1D8FD1A48B12D99F15A88E /* ContentView.swift */ = {isa = PBXFileReference; lastKnownFileType = sourcecode.swift; path = ContentView.swift; sourceTree = "<group>"; };
		8F5F570D69BEFE1AE23DA21C /* Models.swift */ = {isa = PBXFileReference; lastKnownFileType = sourcecode.swift; path = Models.swift; sourceTree = "<group>"; };
		9B6BA863F11E53EFC4A70C04 /* Assets.xcassets */ = {isa = PBXFileReference; lastKnownFileType = folder.assetcatalog; path = Assets.xcassets; sourceTree = "<group>"; };
		9F19EF47B63A551D7307A4A4 /* BlobApp.swift */ = {isa = PBXFileReference; lastKnownFileType = sourcecode.swift; path = BlobApp.swift; sourceTree = "<group>"; };
		ABEF51DE74B3A328616F8E17 /* Blob.app */ = {isa = PBXFileReference; explicitFileType = wrapper.application; includeInIndex = 0; path = Blob.app; sourceTree = BUILT_PRODUCTS_DIR; };
/* End PBXFileReference section */

/* Begin PBXGroup section */
		11472368FB7113320C9B2FB9 /* packaging */ = {
			isa = PBXGroup;
			children = (
				9B6BA863F11E53EFC4A70C04 /* Assets.xcassets */,
			);
			path = packaging;
			sourceTree = "<group>";
		};
		1FD180DBBF67AFE12B5E42FD = {
			isa = PBXGroup;
			children = (
				11472368FB7113320C9B2FB9 /* packaging */,
				3014BE454FA657C5175DAB61 /* Sources */,
				792BAC836D76208A69337DD2 /* Products */,
			);
			sourceTree = "<group>";
		};
		2BB9D100EB7994DB51C662C4 /* Blob */ = {
			isa = PBXGroup;
			children = (
				9F19EF47B63A551D7307A4A4 /* BlobApp.swift */,
				4A1D8FD1A48B12D99F15A88E /* ContentView.swift */,
				1477516DD714F7AEAFA13E39 /* FileScanner.swift */,
				3BCDD4E80EC171C2A3BAAEE4 /* MatrixRain.swift */,
				8F5F570D69BEFE1AE23DA21C /* Models.swift */,
			);
			path = Blob;
			sourceTree = "<group>";
		};
		3014BE454FA657C5175DAB61 /* Sources */ = {
			isa = PBXGroup;
			children = (
				2BB9D100EB7994DB51C662C4 /* Blob */,
			);
			path = Sources;
			sourceTree = "<group>";
		};
		792BAC836D76208A69337DD2 /* Products */ = {
			isa = PBXGroup;
			children = (
				ABEF51DE74B3A328616F8E17 /* Blob.app */,
			);
			name = Products;
			sourceTree = "<group>";
		};
/* End PBXGroup section */

/* Begin PBXNativeTarget section */
		DB90A2B33C1F255BFA9FBFD3 /* Blob */ = {
			isa = PBXNativeTarget;
			buildConfigurationList = 8D81D3873562333691E1A746 /* Build configuration list for PBXNativeTarget "Blob" */;
			buildPhases = (
				58390B404D710C1A08269C6B /* Sources */,
				A7CC4670EE54971D03EF8897 /* Resources */,
			);
			buildRules = (
			);
			dependencies = (
			);
			name = Blob;
			packageProductDependencies = (
			);
			productName = Blob;
			productReference = ABEF51DE74B3A328616F8E17 /* Blob.app */;
			productType = "com.apple.product-type.application";
		};
/* End PBXNativeTarget section */

/* Begin PBXProject section */
		1BB9C17BBC5600F31804B4D4 /* Project object */ = {
			isa = PBXProject;
			attributes = {
				BuildIndependentTargetsInParallel = YES;
				LastUpgradeCheck = 1430;
				TargetAttributes = {
					DB90A2B33C1F255BFA9FBFD3 = {
						DevelopmentTeam = "";
						ProvisioningStyle = Automatic;
					};
				};
			};
			buildConfigurationList = 6A7AE2830799B40310C7004F /* Build configuration list for PBXProject "Blob" */;
			developmentRegion = en;
			hasScannedForEncodings = 0;
			knownRegions = (
				Base,
				en,
			);
			mainGroup = 1FD180DBBF67AFE12B5E42FD;
			minimizedProjectReferenceProxies = 1;
			preferredProjectObjectVersion = 77;
			productRefGroup = 792BAC836D76208A69337DD2 /* Products */;
			projectDirPath = "";
			projectRoot = "";
			targets = (
				DB90A2B33C1F255BFA9FBFD3 /* Blob */,
			);
		};
/* End PBXProject section */

/* Begin PBXResourcesBuildPhase section */
		A7CC4670EE54971D03EF8897 /* Resources */ = {
			isa = PBXResourcesBuildPhase;
			buildActionMask = 2147483647;
			files = (
				6807DF36CB52265F4085C99B /* Assets.xcassets in Resources */,
			);
			runOnlyForDeploymentPostprocessing = 0;
		};
/* End PBXResourcesBuildPhase section */

/* Begin PBXSourcesBuildPhase section */
		58390B404D710C1A08269C6B /* Sources */ = {
			isa = PBXSourcesBuildPhase;
			buildActionMask = 2147483647;
			files = (
				C6FD206DF1D5B01FF2288EC3 /* BlobApp.swift in Sources */,
				B0D5C7F20B20708039E95147 /* ContentView.swift in Sources */,
				BB31A9A417E10137982D6149 /* FileScanner.swift in Sources */,
				CAE07A8F69E4906DD1EEB8DD /* MatrixRain.swift in Sources */,
				A914E9CE363B93ADC9A437C1 /* Models.swift in Sources */,
			);
			runOnlyForDeploymentPostprocessing = 0;
		};
/* End PBXSourcesBuildPhase section */

/* Begin XCBuildConfiguration section */
		1E12F5B04658CE302C5F1465 /* Release */ = {
			isa = XCBuildConfiguration;
			buildSettings = {
				ALWAYS_SEARCH_USER_PATHS = NO;
				CLANG_ANALYZER_NONNULL = YES;
				CLANG_ANALYZER_NUMBER_OBJECT_CONVERSION = YES_AGGRESSIVE;
				CLANG_CXX_LANGUAGE_STANDARD = "gnu++14";
				CLANG_CXX_LIBRARY = "libc++";
				CLANG_ENABLE_MODULES = YES;
				CLANG_ENABLE_OBJC_ARC = YES;
				CLANG_ENABLE_OBJC_WEAK = YES;
				CLANG_WARN_BLOCK_CAPTURE_AUTORELEASING = YES;
				CLANG_WARN_BOOL_CONVERSION = YES;
				CLANG_WARN_COMMA = YES;
				CLANG_WARN_CONSTANT_CONVERSION = YES;
				CLANG_WARN_DEPRECATED_OBJC_IMPLEMENTATIONS = YES;
				CLANG_WARN_DIRECT_OBJC_ISA_USAGE = YES_ERROR;
				CLANG_WARN_DOCUMENTATION_COMMENTS = YES;
				CLANG_WARN_EMPTY_BODY = YES;
				CLANG_WARN_ENUM_CONVERSION = YES;
				CLANG_WARN_INFINITE_RECURSION = YES;
				CLANG_WARN_INT_CONVERSION = YES;
				CLANG_WARN_NON_LITERAL_NULL_CONVERSION = YES;
				CLANG_WARN_OBJC_IMPLICIT_RETAIN_SELF = YES;
				CLANG_WARN_OBJC_LITERAL_CONVERSION = YES;
				CLANG_WARN_OBJC_ROOT_CLASS = YES_ERROR;
				CLANG_WARN_QUOTED_INCLUDE_IN_FRAMEWORK_HEADER = YES;
				CLANG_WARN_RANGE_LOOP_ANALYSIS = YES;
				CLANG_WARN_STRICT_PROTOTYPES = YES;
				CLANG_WARN_SUSPICIOUS_MOVE = YES;
				CLANG_WARN_UNGUARDED_AVAILABILITY = YES_AGGRESSIVE;
				CLANG_WARN_UNREACHABLE_CODE = YES;
				CLANG_WARN__DUPLICATE_METHOD_MATCH = YES;
				CODE_SIGN_STYLE = Automatic;
				COPY_PHASE_STRIP = NO;
				CURRENT_PROJECT_VERSION = 1;
				DEBUG_INFORMATION_FORMAT = "dwarf-with-dsym";
				DEVELOPMENT_TEAM = "";
				ENABLE_NS_ASSERTIONS = NO;
				ENABLE_STRICT_OBJC_MSGSEND = YES;
				GCC_C_LANGUAGE_STANDARD = gnu11;
				GCC_NO_COMMON_BLOCKS = YES;
				GCC_WARN_64_TO_32_BIT_CONVERSION = YES;
				GCC_WARN_ABOUT_RETURN_TYPE = YES_ERROR;
				GCC_WARN_UNDECLARED_SELECTOR = YES;
				GCC_WARN_UNINITIALIZED_AUTOS = YES_AGGRESSIVE;
				GCC_WARN_UNUSED_FUNCTION = YES;
				GCC_WARN_UNUSED_VARIABLE = YES;
				MACOSX_DEPLOYMENT_TARGET = 14.0;
				MARKETING_VERSION = 1.0.0;
				MTL_ENABLE_DEBUG_INFO = NO;
				MTL_FAST_MATH = YES;
				PRODUCT_NAME = "$(TARGET_NAME)";
				SDKROOT = macosx;
				SWIFT_COMPILATION_MODE = wholemodule;
				SWIFT_OPTIMIZATION_LEVEL = "-O";
				SWIFT_VERSION = 5.9;
			};
			name = Release;
		};
		203968CF11661834B4B19824 /* Debug */ = {
			isa = XCBuildConfiguration;
			buildSettings = {
				ALWAYS_SEARCH_USER_PATHS = NO;
				CLANG_ANALYZER_NONNULL = YES;
				CLANG_ANALYZER_NUMBER_OBJECT_CONVERSION = YES_AGGRESSIVE;
				CLANG_CXX_LANGUAGE_STANDARD = "gnu++14";
				CLANG_CXX_LIBRARY = "libc++";
				CLANG_ENABLE_MODULES = YES;
				CLANG_ENABLE_OBJC_ARC = YES;
				CLANG_ENABLE_OBJC_WEAK = YES;
				CLANG_WARN_BLOCK_CAPTURE_AUTORELEASING = YES;
				CLANG_WARN_BOOL_CONVERSION = YES;
				CLANG_WARN_COMMA = YES;
				CLANG_WARN_CONSTANT_CONVERSION = YES;
				CLANG_WARN_DEPRECATED_OBJC_IMPLEMENTATIONS = YES;
				CLANG_WARN_DIRECT_OBJC_ISA_USAGE = YES_ERROR;
				CLANG_WARN_DOCUMENTATION_COMMENTS = YES;
				CLANG_WARN_EMPTY_BODY = YES;
				CLANG_WARN_ENUM_CONVERSION = YES;
				CLANG_WARN_INFINITE_RECURSION = YES;
				CLANG_WARN_INT_CONVERSION = YES;
				CLANG_WARN_NON_LITERAL_NULL_CONVERSION = YES;
				CLANG_WARN_OBJC_IMPLICIT_RETAIN_SELF = YES;
				CLANG_WARN_OBJC_LITERAL_CONVERSION = YES;
				CLANG_WARN_OBJC_ROOT_CLASS = YES_ERROR;
				CLANG_WARN_QUOTED_INCLUDE_IN_FRAMEWORK_HEADER = YES;
				CLANG_WARN_RANGE_LOOP_ANALYSIS = YES;
				CLANG_WARN_STRICT_PROTOTYPES = YES;
				CLANG_WARN_SUSPICIOUS_MOVE = YES;
				CLANG_WARN_UNGUARDED_AVAILABILITY = YES_AGGRESSIVE;
				CLANG_WARN_UNREACHABLE_CODE = YES;
				CLANG_WARN__DUPLICATE_METHOD_MATCH = YES;
				CODE_SIGN_STYLE = Automatic;
				COPY_PHASE_STRIP = NO;
				CURRENT_PROJECT_VERSION = 1;
				DEBUG_INFORMATION_FORMAT = dwarf;
				DEVELOPMENT_TEAM = "";
				ENABLE_STRICT_OBJC_MSGSEND = YES;
				ENABLE_TESTABILITY = YES;
				GCC_C_LANGUAGE_STANDARD = gnu11;
				GCC_DYNAMIC_NO_PIC = NO;
				GCC_NO_COMMON_BLOCKS = YES;
				GCC_OPTIMIZATION_LEVEL = 0;
				GCC_PREPROCESSOR_DEFINITIONS = (
					"$(inherited)",
					"DEBUG=1",
				);
				GCC_WARN_64_TO_32_BIT_CONVERSION = YES;
				GCC_WARN_ABOUT_RETURN_TYPE = YES_ERROR;
				GCC_WARN_UNDECLARED_SELECTOR = YES;
				GCC_WARN_UNINITIALIZED_AUTOS = YES_AGGRESSIVE;
				GCC_WARN_UNUSED_FUNCTION = YES;
				GCC_WARN_UNUSED_VARIABLE = YES;
				MACOSX_DEPLOYMENT_TARGET = 14.0;
				MARKETING_VERSION = 1.0.0;
				MTL_ENABLE_DEBUG_INFO = INCLUDE_SOURCE;
				MTL_FAST_MATH = YES;
				ONLY_ACTIVE_ARCH = YES;
				PRODUCT_NAME = "$(TARGET_NAME)";
				SDKROOT = macosx;
				SWIFT_ACTIVE_COMPILATION_CONDITIONS = DEBUG;
				SWIFT_OPTIMIZATION_LEVEL = "-Onone";
				SWIFT_VERSION = 5.9;
			};
			name = Debug;
		};
		3C2FEBEC0FC4EDE9EF8C362C /* Release */ = {
			isa = XCBuildConfiguration;
			buildSettings = {
				ASSETCATALOG_COMPILER_APPICON_NAME = AppIcon;
				CODE_SIGN_ENTITLEMENTS = packaging/Blob.entitlements;
				COMBINE_HIDPI_IMAGES = YES;
				ENABLE_HARDENED_RUNTIME = YES;
				INFOPLIST_FILE = packaging/Info.plist;
				LD_RUNPATH_SEARCH_PATHS = (
					"$(inherited)",
					"@executable_path/../Frameworks",
				);
				PRODUCT_BUNDLE_IDENTIFIER = io.github.w3debugger.blob;
				PRODUCT_NAME = Blob;
				SDKROOT = macosx;
			};
			name = Release;
		};
		5B8C1C2A33FA886F3134DDC4 /* Debug */ = {
			isa = XCBuildConfiguration;
			buildSettings = {
				ASSETCATALOG_COMPILER_APPICON_NAME = AppIcon;
				CODE_SIGN_ENTITLEMENTS = packaging/Blob.entitlements;
				COMBINE_HIDPI_IMAGES = YES;
				ENABLE_HARDENED_RUNTIME = YES;
				INFOPLIST_FILE = packaging/Info.plist;
				LD_RUNPATH_SEARCH_PATHS = (
					"$(inherited)",
					"@executable_path/../Frameworks",
				);
				PRODUCT_BUNDLE_IDENTIFIER = io.github.w3debugger.blob;
				PRODUCT_NAME = Blob;
				SDKROOT = macosx;
			};
			name = Debug;
		};
/* End XCBuildConfiguration section */

/* Begin XCConfigurationList section */
		6A7AE2830799B40310C7004F /* Build configuration list for PBXProject "Blob" */ = {
			isa = XCConfigurationList;
			buildConfigurations = (
				203968CF11661834B4B19824 /* Debug */,
				1E12F5B04658CE302C5F1465 /* Release */,
			);
			defaultConfigurationIsVisible = 0;
			defaultConfigurationName = Debug;
		};
		8D81D3873562333691E1A746 /* Build configuration list for PBXNativeTarget "Blob" */ = {
			isa = XCConfigurationList;
			buildConfigurations = (
				5B8C1C2A33FA886F3134DDC4 /* Debug */,
				3C2FEBEC0FC4EDE9EF8C362C /* Release */,
			);
			defaultConfigurationIsVisible = 0;
			defaultConfigurationName = Debug;
		};
/* End XCConfigurationList section */
	};
	rootObject = 1BB9C17BBC5600F31804B4D4 /* Project object */;
}
